
Microsoft Visual Studio Solution File, Format Version 12.00
Project("{FAE04EC0-301F-11D3-BF4B-00C04F79EFBC}") = "BlazorApp", "BlazorApp.csproj", "{0207B34F-A72D-4D97-A8C9-002E941CD53C}"
EndProject
Project("{FAE04EC0-301F-11D3-BF4B-00C04F79EFBC}") = "ServiceDefaults", "ServiceDefaults\ServiceDefaults.csproj", "{C25B542B-CBD8-4C37-B8C6-9AB485CE0918}"
EndProject
Project("{FAE04EC0-301F-11D3-BF4B-00C04F79EFBC}") = "AppHost", "AppHost\AppHost.csproj", "{4D9E5371-03BB-4AF6-9044-354915497FBC}"
EndProject
Global
	GlobalSection(SolutionConfigurationPlatforms) = preSolution
		Debug|Any CPU = Debug|Any CPU
		Release|Any CPU = Release|Any CPU
	EndGlobalSection
	GlobalSection(ProjectConfigurationPlatforms) = postSolution
		{0207B34F-A72D-4D97-A8C9-002E941CD53C}.Debug|Any CPU.ActiveCfg = Debug|Any CPU
		{0207B34F-A72D-4D97-A8C9-002E941CD53C}.Debug|Any CPU.Build.0 = Debug|Any CPU
		{0207B34F-A72D-4D97-A8C9-002E941CD53C}.Release|Any CPU.ActiveCfg = Release|Any CPU
		{0207B34F-A72D-4D97-A8C9-002E941CD53C}.Release|Any CPU.Build.0 = Release|Any CPU
		{C25B542B-CBD8-4C37-B8C6-9AB485CE0918}.Debug|Any CPU.ActiveCfg = Debug|Any CPU
		{C25B542B-CBD8-4C37-B8C6-9AB485CE0918}.Debug|Any CPU.Build.0 = Debug|Any CPU
		{C25B542B-CBD8-4C37-B8C6-9AB485CE0918}.Release|Any CPU.ActiveCfg = Release|Any CPU
		{C25B542B-CBD8-4C37-B8C6-9AB485CE0918}.Release|Any CPU.Build.0 = Release|Any CPU
		{4D9E5371-03BB-4AF6-9044-354915497FBC}.Debug|Any CPU.ActiveCfg = Debug|Any CPU
		{4D9E5371-03BB-4AF6-9044-354915497FBC}.Debug|Any CPU.Build.0 = Debug|Any CPU
		{4D9E5371-03BB-4AF6-9044-354915497FBC}.Release|Any CPU.ActiveCfg = Release|Any CPU
		{4D9E5371-03BB-4AF6-9044-354915497FBC}.Release|Any CPU.Build.0 = Release|Any CPU
	EndGlobalSection
EndGlobal
